
Microsoft Visual Studio Solution File, Format Version 12.00
# Visual Studio Version 17
VisualStudioVersion = 17.11.35327.3
MinimumVisualStudioVersion = 10.0.40219.1
Project("{9A19103F-16F7-4668-BE54-9A1E7A4F7556}") = "CasosDeUso", "CasosDeUso\CasosDeUso.csproj", "{7E052444-7536-4780-98ED-69EDC7EF72F0}"
EndProject
Project("{9A19103F-16F7-4668-BE54-9A1E7A4F7556}") = "ExcepcionesPropias", "ExcepcionesPropias\ExcepcionesPropias.csproj", "{2AB1ECCC-81AC-4A9E-8576-B2D5B4A996F4}"
EndProject
Project("{9A19103F-16F7-4668-BE54-9A1E7A4F7556}") = "LogicaAccesoADatos", "LogicaAccesoADatos\LogicaAccesoADatos.csproj", "{C914A7CC-8D32-420B-AAF5-979A23C6240A}"
EndProject
Project("{9A19103F-16F7-4668-BE54-9A1E7A4F7556}") = "LogicaAplicacion", "LogicaAplicacion\LogicaAplicacion.csproj", "{655026CF-00FA-4188-8525-29EC8374C06E}"
EndProject
Project("{9A19103F-16F7-4668-BE54-9A1E7A4F7556}") = "LogicaNegocio", "LogicaNegocio\LogicaNegocio.csproj", "{0A0527B8-9704-4A15-8B28-BD9DADB228F8}"
EndProject
Project("{9A19103F-16F7-4668-BE54-9A1E7A4F7556}") = "API", "API\API.csproj", "{54138FB4-562F-4D76-9BE6-FB3AD0CBB4FA}"
EndProject
Global
	GlobalSection(SolutionConfigurationPlatforms) = preSolution
		Debug|Any CPU = Debug|Any CPU
		Release|Any CPU = Release|Any CPU
	EndGlobalSection
	GlobalSection(ProjectConfigurationPlatforms) = postSolution
		{7E052444-7536-4780-98ED-69EDC7EF72F0}.Debug|Any CPU.ActiveCfg = Debug|Any CPU
		{7E052444-7536-4780-98ED-69EDC7EF72F0}.Debug|Any CPU.Build.0 = Debug|Any CPU
		{7E052444-7536-4780-98ED-69EDC7EF72F0}.Release|Any CPU.ActiveCfg = Release|Any CPU
		{7E052444-7536-4780-98ED-69EDC7EF72F0}.Release|Any CPU.Build.0 = Release|Any CPU
		{2AB1ECCC-81AC-4A9E-8576-B2D5B4A996F4}.Debug|Any CPU.ActiveCfg = Debug|Any CPU
		{2AB1ECCC-81AC-4A9E-8576-B2D5B4A996F4}.Debug|Any CPU.Build.0 = Debug|Any CPU
		{2AB1ECCC-81AC-4A9E-8576-B2D5B4A996F4}.Release|Any CPU.ActiveCfg = Release|Any CPU
		{2AB1ECCC-81AC-4A9E-8576-B2D5B4A996F4}.Release|Any CPU.Build.0 = Release|Any CPU
		{C914A7CC-8D32-420B-AAF5-979A23C6240A}.Debug|Any CPU.ActiveCfg = Debug|Any CPU
		{C914A7CC-8D32-420B-AAF5-979A23C6240A}.Debug|Any CPU.Build.0 = Debug|Any CPU
		{C914A7CC-8D32-420B-AAF5-979A23C6240A}.Release|Any CPU.ActiveCfg = Release|Any CPU
		{C914A7CC-8D32-420B-AAF5-979A23C6240A}.Release|Any CPU.Build.0 = Release|Any CPU
		{655026CF-00FA-4188-8525-29EC8374C06E}.Debug|Any CPU.ActiveCfg = Debug|Any CPU
		{655026CF-00FA-4188-8525-29EC8374C06E}.Debug|Any CPU.Build.0 = Debug|Any CPU
		{655026CF-00FA-4188-8525-29EC8374C06E}.Release|Any CPU.ActiveCfg = Release|Any CPU
		{655026CF-00FA-4188-8525-29EC8374C06E}.Release|Any CPU.Build.0 = Release|Any CPU
		{0A0527B8-9704-4A15-8B28-BD9DADB228F8}.Debug|Any CPU.ActiveCfg = Debug|Any CPU
		{0A0527B8-9704-4A15-8B28-BD9DADB228F8}.Debug|Any CPU.Build.0 = Debug|Any CPU
		{0A0527B8-9704-4A15-8B28-BD9DADB228F8}.Release|Any CPU.ActiveCfg = Release|Any CPU
		{0A0527B8-9704-4A15-8B28-BD9DADB228F8}.Release|Any CPU.Build.0 = Release|Any CPU
		{54138FB4-562F-4D76-9BE6-FB3AD0CBB4FA}.Debug|Any CPU.ActiveCfg = Debug|Any CPU
		{54138FB4-562F-4D76-9BE6-FB3AD0CBB4FA}.Debug|Any CPU.Build.0 = Debug|Any CPU
		{54138FB4-562F-4D76-9BE6-FB3AD0CBB4FA}.Release|Any CPU.ActiveCfg = Release|Any CPU
		{54138FB4-562F-4D76-9BE6-FB3AD0CBB4FA}.Release|Any CPU.Build.0 = Release|Any CPU
	EndGlobalSection
	GlobalSection(SolutionProperties) = preSolution
		HideSolutionNode = FALSE
	EndGlobalSection
	GlobalSection(ExtensibilityGlobals) = postSolution
		SolutionGuid = {2EAE45AB-11A3-4485-B7A4-FA055D762F54}
	EndGlobalSection
EndGlobal
